
Microsoft Visual Studio Solution File, Format Version 12.00
# Visual Studio Version 17
VisualStudioVersion = 17.14.36623.8 d17.14
MinimumVisualStudioVersion = 10.0.40219.1
Project("{888888A0-9F3D-457C-B088-3A5042F75D52}") = "IrisClassifier", "IrisClassifier\IrisClassifier.pyproj", "{0F19CDBF-FB88-4241-8094-6B33BF355404}"
EndProject
Global
	GlobalSection(SolutionConfigurationPlatforms) = preSolution
		Debug|Any CPU = Debug|Any CPU
		Release|Any CPU = Release|Any CPU
	EndGlobalSection
	GlobalSection(ProjectConfigurationPlatforms) = postSolution
		{0F19CDBF-FB88-4241-8094-6B33BF355404}.Debug|Any CPU.ActiveCfg = Debug|Any CPU
		{0F19CDBF-FB88-4241-8094-6B33BF355404}.Release|Any CPU.ActiveCfg = Release|Any CPU
	EndGlobalSection
	GlobalSection(SolutionProperties) = preSolution
		HideSolutionNode = FALSE
	EndGlobalSection
	GlobalSection(ExtensibilityGlobals) = postSolution
		SolutionGuid = {14EC3EA5-2A19-4088-B767-F3868E00BBF5}
	EndGlobalSection
EndGlobal
